
Microsoft Visual Studio Solution File, Format Version 12.00
# Visual Studio 2013
VisualStudioVersion = 12.0.21005.1
MinimumVisualStudioVersion = 10.0.40219.1
Project("{FAE04EC0-301F-11D3-BF4B-00C04F79EFBC}") = "AcademySystem", "AcademySystem\AcademySystem.csproj", "{04FC1D25-7E8B-4479-BA81-42DF64EC7F29}"
EndProject
Project("{FAE04EC0-301F-11D3-BF4B-00C04F79EFBC}") = "AcademySystem.WpfClient", "AcademySystem.WpfClient\AcademySystem.WpfClient.csproj", "{744F8CE6-C7D8-49BA-BB18-3C46D4093882}"
EndProject
Global
	GlobalSection(SolutionConfigurationPlatforms) = preSolution
		Debug|Any CPU = Debug|Any CPU
		Release|Any CPU = Release|Any CPU
	EndGlobalSection
	GlobalSection(ProjectConfigurationPlatforms) = postSolution
		{04FC1D25-7E8B-4479-BA81-42DF64EC7F29}.Debug|Any CPU.ActiveCfg = Debug|Any CPU
		{04FC1D25-7E8B-4479-BA81-42DF64EC7F29}.Debug|Any CPU.Build.0 = Debug|Any CPU
		{04FC1D25-7E8B-4479-BA81-42DF64EC7F29}.Release|Any CPU.ActiveCfg = Release|Any CPU
		{04FC1D25-7E8B-4479-BA81-42DF64EC7F29}.Release|Any CPU.Build.0 = Release|Any CPU
		{744F8CE6-C7D8-49BA-BB18-3C46D4093882}.Debug|Any CPU.ActiveCfg = Debug|Any CPU
		{744F8CE6-C7D8-49BA-BB18-3C46D4093882}.Debug|Any CPU.Build.0 = Debug|Any CPU
		{744F8CE6-C7D8-49BA-BB18-3C46D4093882}.Release|Any CPU.ActiveCfg = Release|Any CPU
		{744F8CE6-C7D8-49BA-BB18-3C46D4093882}.Release|Any CPU.Build.0 = Release|Any CPU
	EndGlobalSection
	GlobalSection(SolutionProperties) = preSolution
		HideSolutionNode = FALSE
	EndGlobalSection
EndGlobal
